
Microsoft Visual Studio Solution File, Format Version 12.00
# Visual Studio Version 17
VisualStudioVersion = 17.6.33815.320
MinimumVisualStudioVersion = 10.0.40219.1
Project("{FAE04EC0-301F-11D3-BF4B-00C04F79EFBC}") = "CustomFormsApp", "CustomFormsApp\CustomFormsApp.csproj", "{B8606B33-A8FA-473F-80CF-EB8DE9D87796}"
EndProject
Global
	GlobalSection(SolutionConfigurationPlatforms) = preSolution
		Debug|Any CPU = Debug|Any CPU
		Release|Any CPU = Release|Any CPU
	EndGlobalSection
	GlobalSection(ProjectConfigurationPlatforms) = postSolution
		{B8606B33-A8FA-473F-80CF-EB8DE9D87796}.Debug|Any CPU.ActiveCfg = Debug|Any CPU
		{B8606B33-A8FA-473F-80CF-EB8DE9D87796}.Debug|Any CPU.Build.0 = Debug|Any CPU
		{B8606B33-A8FA-473F-80CF-EB8DE9D87796}.Release|Any CPU.ActiveCfg = Release|Any CPU
		{B8606B33-A8FA-473F-80CF-EB8DE9D87796}.Release|Any CPU.Build.0 = Release|Any CPU
	EndGlobalSection
	GlobalSection(SolutionProperties) = preSolution
		HideSolutionNode = FALSE
	EndGlobalSection
	GlobalSection(ExtensibilityGlobals) = postSolution
		SolutionGuid = {24472331-81A9-4488-8330-3E883E0DAF2F}
	EndGlobalSection
EndGlobal
